
Microsoft Visual Studio Solution File, Format Version 12.00
# Visual Studio Version 17
VisualStudioVersion = 17.3.32811.315
MinimumVisualStudioVersion = 10.0.40219.1
Project("{FAE04EC0-301F-11D3-BF4B-00C04F79EFBC}") = "ps18", "ps18\ps18.csproj", "{62233B27-A081-46AE-85CE-B2659B61122C}"
EndProject
Global
	GlobalSection(SolutionConfigurationPlatforms) = preSolution
		Debug|Any CPU = Debug|Any CPU
		Release|Any CPU = Release|Any CPU
	EndGlobalSection
	GlobalSection(ProjectConfigurationPlatforms) = postSolution
		{62233B27-A081-46AE-85CE-B2659B61122C}.Debug|Any CPU.ActiveCfg = Debug|Any CPU
		{62233B27-A081-46AE-85CE-B2659B61122C}.Debug|Any CPU.Build.0 = Debug|Any CPU
		{62233B27-A081-46AE-85CE-B2659B61122C}.Release|Any CPU.ActiveCfg = Release|Any CPU
		{62233B27-A081-46AE-85CE-B2659B61122C}.Release|Any CPU.Build.0 = Release|Any CPU
	EndGlobalSection
	GlobalSection(SolutionProperties) = preSolution
		HideSolutionNode = FALSE
	EndGlobalSection
	GlobalSection(ExtensibilityGlobals) = postSolution
		SolutionGuid = {EE234898-9DC0-447D-B596-68CACFAE296D}
	EndGlobalSection
EndGlobal
